
Microsoft Visual Studio Solution File, Format Version 12.00
# Visual Studio Version 17
VisualStudioVersion = 17.1.32228.430
MinimumVisualStudioVersion = 10.0.40219.1
Project("{FAE04EC0-301F-11D3-BF4B-00C04F79EFBC}") = "lr5vesna", "lr5vesna\lr5vesna.csproj", "{664AE2D6-DD88-48A4-8F43-9DAA308409D0}"
EndProject
Global
	GlobalSection(SolutionConfigurationPlatforms) = preSolution
		Debug|Any CPU = Debug|Any CPU
		Release|Any CPU = Release|Any CPU
	EndGlobalSection
	GlobalSection(ProjectConfigurationPlatforms) = postSolution
		{664AE2D6-DD88-48A4-8F43-9DAA308409D0}.Debug|Any CPU.ActiveCfg = Debug|Any CPU
		{664AE2D6-DD88-48A4-8F43-9DAA308409D0}.Debug|Any CPU.Build.0 = Debug|Any CPU
		{664AE2D6-DD88-48A4-8F43-9DAA308409D0}.Release|Any CPU.ActiveCfg = Release|Any CPU
		{664AE2D6-DD88-48A4-8F43-9DAA308409D0}.Release|Any CPU.Build.0 = Release|Any CPU
	EndGlobalSection
	GlobalSection(SolutionProperties) = preSolution
		HideSolutionNode = FALSE
	EndGlobalSection
	GlobalSection(ExtensibilityGlobals) = postSolution
		SolutionGuid = {1AB11E06-81F8-4907-B085-5AE40D99F349}
	EndGlobalSection
EndGlobal
